
Microsoft Visual Studio Solution File, Format Version 12.00
# Visual Studio 2013
VisualStudioVersion = 12.0.30110.0
MinimumVisualStudioVersion = 10.0.40219.1
Project("{FAE04EC0-301F-11D3-BF4B-00C04F79EFBC}") = "OhMoDev_MathPromptMethodChallenge", "OhMoDev_MathPromptMethodChallenge\OhMoDev_MathPromptMethodChallenge.csproj", "{802046C5-DEBA-4EE8-87BE-46F8906E89E7}"
EndProject
Global
	GlobalSection(SolutionConfigurationPlatforms) = preSolution
		Debug|Any CPU = Debug|Any CPU
		Release|Any CPU = Release|Any CPU
	EndGlobalSection
	GlobalSection(ProjectConfigurationPlatforms) = postSolution
		{802046C5-DEBA-4EE8-87BE-46F8906E89E7}.Debug|Any CPU.ActiveCfg = Debug|Any CPU
		{802046C5-DEBA-4EE8-87BE-46F8906E89E7}.Debug|Any CPU.Build.0 = Debug|Any CPU
		{802046C5-DEBA-4EE8-87BE-46F8906E89E7}.Release|Any CPU.ActiveCfg = Release|Any CPU
		{802046C5-DEBA-4EE8-87BE-46F8906E89E7}.Release|Any CPU.Build.0 = Release|Any CPU
	EndGlobalSection
	GlobalSection(SolutionProperties) = preSolution
		HideSolutionNode = FALSE
	EndGlobalSection
EndGlobal
